
Microsoft Visual Studio Solution File, Format Version 12.00
# Visual Studio Version 16
VisualStudioVersion = 16.0.29613.14
MinimumVisualStudioVersion = 10.0.40219.1
Project("{FAE04EC0-301F-11D3-BF4B-00C04F79EFBC}") = "AnimationEditor", "AnimationEditor\AnimationEditor.csproj", "{36174CF4-C09E-4E5F-9445-4DFE1072667B}"
EndProject
Project("{FAE04EC0-301F-11D3-BF4B-00C04F79EFBC}") = "RSDKv1", "RSDK-Reverse\RSDKv1\RSDKv1.csproj", "{E089DB56-F8D4-434E-A9A8-C7EFCC3278D8}"
EndProject
Project("{FAE04EC0-301F-11D3-BF4B-00C04F79EFBC}") = "RSDKv2", "RSDK-Reverse\RSDKv2\RSDKv2.csproj", "{B41A3858-7E66-4755-9F50-94EA021155B6}"
EndProject
Project("{FAE04EC0-301F-11D3-BF4B-00C04F79EFBC}") = "RSDKv5", "RSDK-Reverse\RSDKv5\RSDKv5.csproj", "{CF5496F8-002B-408F-9B3D-67C88F610283}"
EndProject
Project("{FAE04EC0-301F-11D3-BF4B-00C04F79EFBC}") = "RSDKvB", "RSDK-Reverse\RSDKvB\RSDKvB.csproj", "{1A58BA31-C9E1-4D18-876E-EC73799E7A9F}"
EndProject
Project("{FAE04EC0-301F-11D3-BF4B-00C04F79EFBC}") = "RSDKvRS", "RSDK-Reverse\RSDKvRS\RSDKvRS.csproj", "{AAE1BACD-FE6B-4CC6-AD2D-073315F45EAF}"
EndProject
Project("{2150E333-8FDC-42A3-9474-1A3956D46DE8}") = "RSDK-Reverse", "RSDK-Reverse", "{941563F9-46E3-405A-923B-266B18B0E381}"
EndProject
Project("{2150E333-8FDC-42A3-9474-1A3956D46DE8}") = "GenerationsLib", "GenerationsLib", "{E1760803-5F9D-4458-A956-99C869C359D9}"
EndProject
Project("{FAE04EC0-301F-11D3-BF4B-00C04F79EFBC}") = "GenerationsLib.WPF", "GenerationsLib\GenerationsLib.WPF\GenerationsLib.WPF.csproj", "{335800A2-F482-4AE6-9017-57D7C3C52110}"
EndProject
Project("{FAE04EC0-301F-11D3-BF4B-00C04F79EFBC}") = "GenerationsLib.Core", "GenerationsLib\GenerationsLib.Core\GenerationsLib.Core.csproj", "{51CA42A9-58F0-4F3D-A250-BC22D8A8540E}"
EndProject
Project("{2150E333-8FDC-42A3-9474-1A3956D46DE8}") = "Legacy", "Legacy", "{899855AD-5FFE-42AC-BF74-66F556D7CDC8}"
EndProject
Project("{FAE04EC0-301F-11D3-BF4B-00C04F79EFBC}") = "RSDKrU", "RSDKrU\RSDKrU.csproj", "{2BA290F0-4E82-4B58-AAB4-3C431EE4DE62}"
EndProject
Global
	GlobalSection(SolutionConfigurationPlatforms) = preSolution
		Debug|Any CPU = Debug|Any CPU
		Debug|x64 = Debug|x64
		Debug|x86 = Debug|x86
		Release|Any CPU = Release|Any CPU
		Release|x64 = Release|x64
		Release|x86 = Release|x86
	EndGlobalSection
	GlobalSection(ProjectConfigurationPlatforms) = postSolution
		{36174CF4-C09E-4E5F-9445-4DFE1072667B}.Debug|Any CPU.ActiveCfg = Debug|Any CPU
		{36174CF4-C09E-4E5F-9445-4DFE1072667B}.Debug|Any CPU.Build.0 = Debug|Any CPU
		{36174CF4-C09E-4E5F-9445-4DFE1072667B}.Debug|x64.ActiveCfg = Debug|Any CPU
		{36174CF4-C09E-4E5F-9445-4DFE1072667B}.Debug|x64.Build.0 = Debug|Any CPU
		{36174CF4-C09E-4E5F-9445-4DFE1072667B}.Debug|x86.ActiveCfg = Debug|Any CPU
		{36174CF4-C09E-4E5F-9445-4DFE1072667B}.Debug|x86.Build.0 = Debug|Any CPU
		{36174CF4-C09E-4E5F-9445-4DFE1072667B}.Release|Any CPU.ActiveCfg = Release|Any CPU
		{36174CF4-C09E-4E5F-9445-4DFE1072667B}.Release|Any CPU.Build.0 = Release|Any CPU
		{36174CF4-C09E-4E5F-9445-4DFE1072667B}.Release|x64.ActiveCfg = Release|Any CPU
		{36174CF4-C09E-4E5F-9445-4DFE1072667B}.Release|x64.Build.0 = Release|Any CPU
		{36174CF4-C09E-4E5F-9445-4DFE1072667B}.Release|x86.ActiveCfg = Release|Any CPU
		{36174CF4-C09E-4E5F-9445-4DFE1072667B}.Release|x86.Build.0 = Release|Any CPU
		{E089DB56-F8D4-434E-A9A8-C7EFCC3278D8}.Debug|Any CPU.ActiveCfg = Debug|Any CPU
		{E089DB56-F8D4-434E-A9A8-C7EFCC3278D8}.Debug|Any CPU.Build.0 = Debug|Any CPU
		{E089DB56-F8D4-434E-A9A8-C7EFCC3278D8}.Debug|x64.ActiveCfg = Debug|Any CPU
		{E089DB56-F8D4-434E-A9A8-C7EFCC3278D8}.Debug|x64.Build.0 = Debug|Any CPU
		{E089DB56-F8D4-434E-A9A8-C7EFCC3278D8}.Debug|x86.ActiveCfg = Debug|Any CPU
		{E089DB56-F8D4-434E-A9A8-C7EFCC3278D8}.Debug|x86.Build.0 = Debug|Any CPU
		{E089DB56-F8D4-434E-A9A8-C7EFCC3278D8}.Release|Any CPU.ActiveCfg = Release|Any CPU
		{E089DB56-F8D4-434E-A9A8-C7EFCC3278D8}.Release|Any CPU.Build.0 = Release|Any CPU
		{E089DB56-F8D4-434E-A9A8-C7EFCC3278D8}.Release|x64.ActiveCfg = Release|Any CPU
		{E089DB56-F8D4-434E-A9A8-C7EFCC3278D8}.Release|x64.Build.0 = Release|Any CPU
		{E089DB56-F8D4-434E-A9A8-C7EFCC3278D8}.Release|x86.ActiveCfg = Release|Any CPU
		{E089DB56-F8D4-434E-A9A8-C7EFCC3278D8}.Release|x86.Build.0 = Release|Any CPU
		{B41A3858-7E66-4755-9F50-94EA021155B6}.Debug|Any CPU.ActiveCfg = Debug|Any CPU
		{B41A3858-7E66-4755-9F50-94EA021155B6}.Debug|Any CPU.Build.0 = Debug|Any CPU
		{B41A3858-7E66-4755-9F50-94EA021155B6}.Debug|x64.ActiveCfg = Debug|Any CPU
		{B41A3858-7E66-4755-9F50-94EA021155B6}.Debug|x64.Build.0 = Debug|Any CPU
		{B41A3858-7E66-4755-9F50-94EA021155B6}.Debug|x86.ActiveCfg = Debug|Any CPU
		{B41A3858-7E66-4755-9F50-94EA021155B6}.Debug|x86.Build.0 = Debug|Any CPU
		{B41A3858-7E66-4755-9F50-94EA021155B6}.Release|Any CPU.ActiveCfg = Release|Any CPU
		{B41A3858-7E66-4755-9F50-94EA021155B6}.Release|Any CPU.Build.0 = Release|Any CPU
		{B41A3858-7E66-4755-9F50-94EA021155B6}.Release|x64.ActiveCfg = Release|Any CPU
		{B41A3858-7E66-4755-9F50-94EA021155B6}.Release|x64.Build.0 = Release|Any CPU
		{B41A3858-7E66-4755-9F50-94EA021155B6}.Release|x86.ActiveCfg = Release|Any CPU
		{B41A3858-7E66-4755-9F50-94EA021155B6}.Release|x86.Build.0 = Release|Any CPU
		{CF5496F8-002B-408F-9B3D-67C88F610283}.Debug|Any CPU.ActiveCfg = Debug|Any CPU
		{CF5496F8-002B-408F-9B3D-67C88F610283}.Debug|Any CPU.Build.0 = Debug|Any CPU
		{CF5496F8-002B-408F-9B3D-67C88F610283}.Debug|x64.ActiveCfg = Debug|x64
		{CF5496F8-002B-408F-9B3D-67C88F610283}.Debug|x64.Build.0 = Debug|x64
		{CF5496F8-002B-408F-9B3D-67C88F610283}.Debug|x86.ActiveCfg = Debug|x86
		{CF5496F8-002B-408F-9B3D-67C88F610283}.Debug|x86.Build.0 = Debug|x86
		{CF5496F8-002B-408F-9B3D-67C88F610283}.Release|Any CPU.ActiveCfg = Release|Any CPU
		{CF5496F8-002B-408F-9B3D-67C88F610283}.Release|Any CPU.Build.0 = Release|Any CPU
		{CF5496F8-002B-408F-9B3D-67C88F610283}.Release|x64.ActiveCfg = Release|x64
		{CF5496F8-002B-408F-9B3D-67C88F610283}.Release|x64.Build.0 = Release|x64
		{CF5496F8-002B-408F-9B3D-67C88F610283}.Release|x86.ActiveCfg = Release|x86
		{CF5496F8-002B-408F-9B3D-67C88F610283}.Release|x86.Build.0 = Release|x86
		{1A58BA31-C9E1-4D18-876E-EC73799E7A9F}.Debug|Any CPU.ActiveCfg = Debug|Any CPU
		{1A58BA31-C9E1-4D18-876E-EC73799E7A9F}.Debug|Any CPU.Build.0 = Debug|Any CPU
		{1A58BA31-C9E1-4D18-876E-EC73799E7A9F}.Debug|x64.ActiveCfg = Debug|x64
		{1A58BA31-C9E1-4D18-876E-EC73799E7A9F}.Debug|x64.Build.0 = Debug|x64
		{1A58BA31-C9E1-4D18-876E-EC73799E7A9F}.Debug|x86.ActiveCfg = Debug|x86
		{1A58BA31-C9E1-4D18-876E-EC73799E7A9F}.Debug|x86.Build.0 = Debug|x86
		{1A58BA31-C9E1-4D18-876E-EC73799E7A9F}.Release|Any CPU.ActiveCfg = Release|Any CPU
		{1A58BA31-C9E1-4D18-876E-EC73799E7A9F}.Release|Any CPU.Build.0 = Release|Any CPU
		{1A58BA31-C9E1-4D18-876E-EC73799E7A9F}.Release|x64.ActiveCfg = Release|x64
		{1A58BA31-C9E1-4D18-876E-EC73799E7A9F}.Release|x64.Build.0 = Release|x64
		{1A58BA31-C9E1-4D18-876E-EC73799E7A9F}.Release|x86.ActiveCfg = Release|x86
		{1A58BA31-C9E1-4D18-876E-EC73799E7A9F}.Release|x86.Build.0 = Release|x86
		{AAE1BACD-FE6B-4CC6-AD2D-073315F45EAF}.Debug|Any CPU.ActiveCfg = Debug|Any CPU
		{AAE1BACD-FE6B-4CC6-AD2D-073315F45EAF}.Debug|Any CPU.Build.0 = Debug|Any CPU
		{AAE1BACD-FE6B-4CC6-AD2D-073315F45EAF}.Debug|x64.ActiveCfg = Debug|Any CPU
		{AAE1BACD-FE6B-4CC6-AD2D-073315F45EAF}.Debug|x64.Build.0 = Debug|Any CPU
		{AAE1BACD-FE6B-4CC6-AD2D-073315F45EAF}.Debug|x86.ActiveCfg = Debug|Any CPU
		{AAE1BACD-FE6B-4CC6-AD2D-073315F45EAF}.Debug|x86.Build.0 = Debug|Any CPU
		{AAE1BACD-FE6B-4CC6-AD2D-073315F45EAF}.Release|Any CPU.ActiveCfg = Release|Any CPU
		{AAE1BACD-FE6B-4CC6-AD2D-073315F45EAF}.Release|Any CPU.Build.0 = Release|Any CPU
		{AAE1BACD-FE6B-4CC6-AD2D-073315F45EAF}.Release|x64.ActiveCfg = Release|Any CPU
		{AAE1BACD-FE6B-4CC6-AD2D-073315F45EAF}.Release|x64.Build.0 = Release|Any CPU
		{AAE1BACD-FE6B-4CC6-AD2D-073315F45EAF}.Release|x86.ActiveCfg = Release|Any CPU
		{AAE1BACD-FE6B-4CC6-AD2D-073315F45EAF}.Release|x86.Build.0 = Release|Any CPU
		{335800A2-F482-4AE6-9017-57D7C3C52110}.Debug|Any CPU.ActiveCfg = Debug|Any CPU
		{335800A2-F482-4AE6-9017-57D7C3C52110}.Debug|Any CPU.Build.0 = Debug|Any CPU
		{335800A2-F482-4AE6-9017-57D7C3C52110}.Debug|x64.ActiveCfg = Debug|x64
		{335800A2-F482-4AE6-9017-57D7C3C52110}.Debug|x64.Build.0 = Debug|x64
		{335800A2-F482-4AE6-9017-57D7C3C52110}.Debug|x86.ActiveCfg = Debug|x86
		{335800A2-F482-4AE6-9017-57D7C3C52110}.Debug|x86.Build.0 = Debug|x86
		{335800A2-F482-4AE6-9017-57D7C3C52110}.Release|Any CPU.ActiveCfg = Release|Any CPU
		{335800A2-F482-4AE6-9017-57D7C3C52110}.Release|Any CPU.Build.0 = Release|Any CPU
		{335800A2-F482-4AE6-9017-57D7C3C52110}.Release|x64.ActiveCfg = Release|x64
		{335800A2-F482-4AE6-9017-57D7C3C52110}.Release|x64.Build.0 = Release|x64
		{335800A2-F482-4AE6-9017-57D7C3C52110}.Release|x86.ActiveCfg = Release|x86
		{335800A2-F482-4AE6-9017-57D7C3C52110}.Release|x86.Build.0 = Release|x86
		{51CA42A9-58F0-4F3D-A250-BC22D8A8540E}.Debug|Any CPU.ActiveCfg = Debug|Any CPU
		{51CA42A9-58F0-4F3D-A250-BC22D8A8540E}.Debug|Any CPU.Build.0 = Debug|Any CPU
		{51CA42A9-58F0-4F3D-A250-BC22D8A8540E}.Debug|x64.ActiveCfg = Debug|x64
		{51CA42A9-58F0-4F3D-A250-BC22D8A8540E}.Debug|x64.Build.0 = Debug|x64
		{51CA42A9-58F0-4F3D-A250-BC22D8A8540E}.Debug|x86.ActiveCfg = Debug|x86
		{51CA42A9-58F0-4F3D-A250-BC22D8A8540E}.Debug|x86.Build.0 = Debug|x86
		{51CA42A9-58F0-4F3D-A250-BC22D8A8540E}.Release|Any CPU.ActiveCfg = Release|Any CPU
		{51CA42A9-58F0-4F3D-A250-BC22D8A8540E}.Release|Any CPU.Build.0 = Release|Any CPU
		{51CA42A9-58F0-4F3D-A250-BC22D8A8540E}.Release|x64.ActiveCfg = Release|x64
		{51CA42A9-58F0-4F3D-A250-BC22D8A8540E}.Release|x64.Build.0 = Release|x64
		{51CA42A9-58F0-4F3D-A250-BC22D8A8540E}.Release|x86.ActiveCfg = Release|x86
		{51CA42A9-58F0-4F3D-A250-BC22D8A8540E}.Release|x86.Build.0 = Release|x86
		{2BA290F0-4E82-4B58-AAB4-3C431EE4DE62}.Debug|Any CPU.ActiveCfg = Debug|Any CPU
		{2BA290F0-4E82-4B58-AAB4-3C431EE4DE62}.Debug|Any CPU.Build.0 = Debug|Any CPU
		{2BA290F0-4E82-4B58-AAB4-3C431EE4DE62}.Debug|x64.ActiveCfg = Debug|x64
		{2BA290F0-4E82-4B58-AAB4-3C431EE4DE62}.Debug|x64.Build.0 = Debug|x64
		{2BA290F0-4E82-4B58-AAB4-3C431EE4DE62}.Debug|x86.ActiveCfg = Debug|x86
		{2BA290F0-4E82-4B58-AAB4-3C431EE4DE62}.Debug|x86.Build.0 = Debug|x86
		{2BA290F0-4E82-4B58-AAB4-3C431EE4DE62}.Release|Any CPU.ActiveCfg = Release|Any CPU
		{2BA290F0-4E82-4B58-AAB4-3C431EE4DE62}.Release|Any CPU.Build.0 = Release|Any CPU
		{2BA290F0-4E82-4B58-AAB4-3C431EE4DE62}.Release|x64.ActiveCfg = Release|x64
		{2BA290F0-4E82-4B58-AAB4-3C431EE4DE62}.Release|x64.Build.0 = Release|x64
		{2BA290F0-4E82-4B58-AAB4-3C431EE4DE62}.Release|x86.ActiveCfg = Release|x86
		{2BA290F0-4E82-4B58-AAB4-3C431EE4DE62}.Release|x86.Build.0 = Release|x86
	EndGlobalSection
	GlobalSection(SolutionProperties) = preSolution
		HideSolutionNode = FALSE
	EndGlobalSection
	GlobalSection(NestedProjects) = preSolution
		{E089DB56-F8D4-434E-A9A8-C7EFCC3278D8} = {941563F9-46E3-405A-923B-266B18B0E381}
		{B41A3858-7E66-4755-9F50-94EA021155B6} = {941563F9-46E3-405A-923B-266B18B0E381}
		{CF5496F8-002B-408F-9B3D-67C88F610283} = {941563F9-46E3-405A-923B-266B18B0E381}
		{1A58BA31-C9E1-4D18-876E-EC73799E7A9F} = {941563F9-46E3-405A-923B-266B18B0E381}
		{AAE1BACD-FE6B-4CC6-AD2D-073315F45EAF} = {941563F9-46E3-405A-923B-266B18B0E381}
		{335800A2-F482-4AE6-9017-57D7C3C52110} = {E1760803-5F9D-4458-A956-99C869C359D9}
		{51CA42A9-58F0-4F3D-A250-BC22D8A8540E} = {E1760803-5F9D-4458-A956-99C869C359D9}
		{2BA290F0-4E82-4B58-AAB4-3C431EE4DE62} = {899855AD-5FFE-42AC-BF74-66F556D7CDC8}
	EndGlobalSection
	GlobalSection(ExtensibilityGlobals) = postSolution
		SolutionGuid = {6FB28093-25D3-4512-B0E8-8B2D0A810411}
	EndGlobalSection
EndGlobal
